{
    "_readme": [
        "This file locks the dependencies of your project to a known state",
        "Read more about it at https://getcomposer.org/doc/01-basic-usage.md#installing-dependencies",
        "This file is @generated automatically"
    ],
    "content-hash": "96f4490090028d77d558576cef86a3b5",
    "packages": [
        {
            "name": "automattic/jetpack-autoloader",
            "version": "v5.0.23",
            "source": {
                "type": "git",
                "url": "https://github.com/Automattic/jetpack-autoloader.git",
                "reference": "d11b2d621035dcb920abce8ae09bebd5da5f9ff8"
            },
            "dist": {
                "type": "zip",
                "url": "https://api.github.com/repos/Automattic/jetpack-autoloader/zipball/d11b2d621035dcb920abce8ae09bebd5da5f9ff8",
                "reference": "d11b2d621035dcb920abce8ae09bebd5da5f9ff8",
                "shasum": ""
            },
            "require": {
                "composer-plugin-api": "^2.2",
                "php": ">=7.2"
            },
            "require-dev": {
                "automattic/phpunit-select-config": "^1.0.9",
                "composer/composer": "^2.2",
                "yoast/phpunit-polyfills": "^4.0.0"
            },
            "type": "composer-plugin",
            "extra": {
                "class": "Automattic\\Jetpack\\Autoloader\\CustomAutoloaderPlugin",
                "autotagger": true,
                "mirror-repo": "Automattic/jetpack-autoloader",
                "branch-alias": {
                    "dev-trunk": "5.0.x-dev"
                },
                "changelogger": {
                    "link-template": "https://github.com/Automattic/jetpack-autoloader/compare/v${old}...v${new}"
                },
                "version-constants": {
                    "::VERSION": "src/AutoloadGenerator.php"
                }
            },
            "autoload": {
                "psr-4": {
                    "Automattic\\Jetpack\\Autoloader\\": "src"
                },
                "classmap": [
                    "src/AutoloadGenerator.php"
                ]
            },
            "notification-url": "https://packagist.org/downloads/",
            "license": [
                "GPL-2.0-or-later"
            ],
            "description": "Creates a custom autoloader for a plugin or theme.",
            "keywords": [
                "autoload",
                "autoloader",
                "composer",
                "jetpack",
                "plugin",
                "wordpress"
            ],
            "support": {
                "source": "https://github.com/Automattic/jetpack-autoloader/tree/v5.0.23"
            },
            "time": "2026-08-11T18:32:06+00:00"
        },
        {
            "name": "dompdf/dompdf",
            "version": "v3.1.6",
            "source": {
                "type": "git",
                "url": "https://github.com/dompdf/dompdf.git",
                "reference": "6d4b4eb8500f7a786da8868ba463a71b725a4005"
            },
            "dist": {
                "type": "zip",
                "url": "https://api.github.com/repos/dompdf/dompdf/zipball/6d4b4eb8500f7a786da8868ba463a71b725a4005",
                "reference": "6d4b4eb8500f7a786da8868ba463a71b725a4005",
                "shasum": ""
            },
            "require": {
                "dompdf/php-font-lib": "^1.0.0",
                "dompdf/php-svg-lib": "^1.0.0",
                "ext-dom": "*",
                "ext-mbstring": "*",
                "masterminds/html5": "^2.0",
                "php": "^7.1 || ^8.0"
            },
            "require-dev": {
                "ext-gd": "*",
                "ext-json": "*",
                "ext-zip": "*",
                "mockery/mockery": "^1.3",
                "phpunit/phpunit": "^7.5 || ^8 || ^9 || ^10 || ^11",
                "squizlabs/php_codesniffer": "^3.5",
                "symfony/process": "^4.4 || ^5.4 || ^6.2 || ^7.0"
            },
            "suggest": {
                "ext-gd": "Needed to process images",
                "ext-gmagick": "Improves image processing performance",
                "ext-imagick": "Improves image processing performance",
                "ext-zlib": "Needed for pdf stream compression"
            },
            "type": "library",
            "autoload": {
                "psr-4": {
                    "Dompdf\\": "src/"
                },
                "classmap": [
                    "lib/"
                ]
            },
            "notification-url": "https://packagist.org/downloads/",
            "license": [
                "LGPL-2.1"
            ],
            "authors": [
                {
                    "name": "The Dompdf Community",
                    "homepage": "https://github.com/dompdf/dompdf/blob/master/AUTHORS.md"
                }
            ],
            "description": "DOMPDF is a CSS 2.1 compliant HTML to PDF converter",
            "homepage": "https://github.com/dompdf/dompdf",
            "support": {
                "issues": "https://github.com/dompdf/dompdf/issues",
                "source": "https://github.com/dompdf/dompdf/tree/v3.1.6"
            },
            "time": "2026-07-20T12:29:38+00:00"
        },
        {
            "name": "dompdf/php-font-lib",
            "version": "1.0.2",
            "source": {
                "type": "git",
                "url": "https://github.com/dompdf/php-font-lib.git",
                "reference": "a6e9a688a2a80016ac080b97be73d3e10c444c9a"
            },
            "dist": {
                "type": "zip",
                "url": "https://api.github.com/repos/dompdf/php-font-lib/zipball/a6e9a688a2a80016ac080b97be73d3e10c444c9a",
                "reference": "a6e9a688a2a80016ac080b97be73d3e10c444c9a",
                "shasum": ""
            },
            "require": {
                "ext-mbstring": "*",
                "php": "^7.1 || ^8.0"
            },
            "require-dev": {
                "phpunit/phpunit": "^7.5 || ^8 || ^9 || ^10 || ^11 || ^12"
            },
            "type": "library",
            "autoload": {
                "psr-4": {
                    "FontLib\\": "src/FontLib"
                }
            },
            "notification-url": "https://packagist.org/downloads/",
            "license": [
                "LGPL-2.1-or-later"
            ],
            "authors": [
                {
                    "name": "The FontLib Community",
                    "homepage": "https://github.com/dompdf/php-font-lib/blob/master/AUTHORS.md"
                }
            ],
            "description": "A library to read, parse, export and make subsets of different types of font files.",
            "homepage": "https://github.com/dompdf/php-font-lib",
            "support": {
                "issues": "https://github.com/dompdf/php-font-lib/issues",
                "source": "https://github.com/dompdf/php-font-lib/tree/1.0.2"
            },
            "time": "2026-01-20T14:10:26+00:00"
        },
        {
            "name": "dompdf/php-svg-lib",
            "version": "1.0.2",
            "source": {
                "type": "git",
                "url": "https://github.com/dompdf/php-svg-lib.git",
                "reference": "8259ffb930817e72b1ff1caef5d226501f3dfeb1"
            },
            "dist": {
                "type": "zip",
                "url": "https://api.github.com/repos/dompdf/php-svg-lib/zipball/8259ffb930817e72b1ff1caef5d226501f3dfeb1",
                "reference": "8259ffb930817e72b1ff1caef5d226501f3dfeb1",
                "shasum": ""
            },
            "require": {
                "ext-mbstring": "*",
                "php": "^7.1 || ^8.0",
                "sabberworm/php-css-parser": "^8.4 || ^9.0"
            },
            "require-dev": {
                "phpunit/phpunit": "^7.5 || ^8 || ^9 || ^10 || ^11"
            },
            "type": "library",
            "autoload": {
                "psr-4": {
                    "Svg\\": "src/Svg"
                }
            },
            "notification-url": "https://packagist.org/downloads/",
            "license": [
                "LGPL-3.0-or-later"
            ],
            "authors": [
                {
                    "name": "The SvgLib Community",
                    "homepage": "https://github.com/dompdf/php-svg-lib/blob/master/AUTHORS.md"
                }
            ],
            "description": "A library to read, parse and export to PDF SVG files.",
            "homepage": "https://github.com/dompdf/php-svg-lib",
            "support": {
                "issues": "https://github.com/dompdf/php-svg-lib/issues",
                "source": "https://github.com/dompdf/php-svg-lib/tree/1.0.2"
            },
            "time": "2026-01-02T16:01:13+00:00"
        },
        {
            "name": "masterminds/html5",
            "version": "2.11.0",
            "source": {
                "type": "git",
                "url": "https://github.com/Masterminds/html5-php.git",
                "reference": "a1e7a2f88ee13635d86fc61cfbdf2306a76ddfc7"
            },
            "dist": {
                "type": "zip",
                "url": "https://api.github.com/repos/Masterminds/html5-php/zipball/a1e7a2f88ee13635d86fc61cfbdf2306a76ddfc7",
                "reference": "a1e7a2f88ee13635d86fc61cfbdf2306a76ddfc7",
                "shasum": ""
            },
            "require": {
                "ext-dom": "*",
                "php": ">=7.4"
            },
            "require-dev": {
                "phpunit/phpunit": "^6 || ^7 || ^8 || ^9 || ^10"
            },
            "type": "library",
            "extra": {
                "branch-alias": {
                    "dev-master": "2.7-dev"
                }
            },
            "autoload": {
                "psr-4": {
                    "Masterminds\\": "src"
                }
            },
            "notification-url": "https://packagist.org/downloads/",
            "license": [
                "MIT"
            ],
            "authors": [
                {
                    "name": "Matt Butcher",
                    "email": "technosophos@gmail.com"
                },
                {
                    "name": "Matt Farina",
                    "email": "matt@mattfarina.com"
                },
                {
                    "name": "Asmir Mustafic",
                    "email": "goetas@gmail.com"
                }
            ],
            "description": "An HTML5 parser and serializer.",
            "homepage": "http://masterminds.github.io/html5-php",
            "keywords": [
                "HTML5",
                "dom",
                "html",
                "parser",
                "querypath",
                "serializer",
                "xml"
            ],
            "support": {
                "issues": "https://github.com/Masterminds/html5-php/issues",
                "source": "https://github.com/Masterminds/html5-php/tree/2.11.0"
            },
            "time": "2026-08-18T06:18:41+00:00"
        },
        {
            "name": "sabberworm/php-css-parser",
            "version": "v9.5.0",
            "source": {
                "type": "git",
                "url": "https://github.com/MyIntervals/PHP-CSS-Parser.git",
                "reference": "f284e63b6e891e0c28631e54ba06c3ed102a9ef3"
            },
            "dist": {
                "type": "zip",
                "url": "https://api.github.com/repos/MyIntervals/PHP-CSS-Parser/zipball/f284e63b6e891e0c28631e54ba06c3ed102a9ef3",
                "reference": "f284e63b6e891e0c28631e54ba06c3ed102a9ef3",
                "shasum": ""
            },
            "require": {
                "ext-iconv": "*",
                "php": "^7.2.0 || ~8.0.0 || ~8.1.0 || ~8.2.0 || ~8.3.0 || ~8.4.0 || ~8.5.0 || ~8.6.0"
            },
            "require-dev": {
                "php-parallel-lint/php-parallel-lint": "1.4.0",
                "phpstan/extension-installer": "1.4.3",
                "phpstan/phpstan": "1.12.33 || 2.2.9",
                "phpstan/phpstan-phpunit": "1.4.2 || 2.0.18",
                "phpstan/phpstan-strict-rules": "1.6.2 || 2.0.12",
                "phpunit/phpunit": "8.5.54",
                "rawr/phpunit-data-provider": "3.3.1",
                "rector/rector": "1.2.10 || 2.6.2",
                "rector/type-perfect": "1.0.0 || 2.1.4",
                "squizlabs/php_codesniffer": "4.0.4"
            },
            "suggest": {
                "ext-mbstring": "for parsing UTF-8 CSS"
            },
            "type": "library",
            "extra": {
                "branch-alias": {
                    "dev-main": "9.6.x-dev"
                }
            },
            "autoload": {
                "files": [
                    "src/Rule/Rule.php",
                    "src/RuleSet/RuleContainer.php"
                ],
                "psr-4": {
                    "Sabberworm\\CSS\\": "src/"
                }
            },
            "notification-url": "https://packagist.org/downloads/",
            "license": [
                "MIT"
            ],
            "authors": [
                {
                    "name": "Raphael Schweikert"
                },
                {
                    "name": "Oliver Klee",
                    "email": "github@oliverklee.de"
                },
                {
                    "name": "Jake Hotson",
                    "email": "jake.github@qzdesign.co.uk"
                }
            ],
            "description": "Parser for CSS Files written in PHP",
            "homepage": "https://www.sabberworm.com/blog/2010/6/10/php-css-parser",
            "keywords": [
                "css",
                "parser",
                "stylesheet"
            ],
            "support": {
                "issues": "https://github.com/MyIntervals/PHP-CSS-Parser/issues",
                "source": "https://github.com/MyIntervals/PHP-CSS-Parser/tree/v9.5.0"
            },
            "time": "2026-09-20T15:02:00+00:00"
        },
        {
            "name": "woocommerce/action-scheduler",
            "version": "3.9.3",
            "source": {
                "type": "git",
                "url": "https://github.com/woocommerce/action-scheduler.git",
                "reference": "c58cdbab17651303d406cd3b22cf9d75c71c986c"
            },
            "dist": {
                "type": "zip",
                "url": "https://api.github.com/repos/woocommerce/action-scheduler/zipball/c58cdbab17651303d406cd3b22cf9d75c71c986c",
                "reference": "c58cdbab17651303d406cd3b22cf9d75c71c986c",
                "shasum": ""
            },
            "require": {
                "php": ">=7.2"
            },
            "require-dev": {
                "phpunit/phpunit": "^8.5",
                "woocommerce/woocommerce-sniffs": "0.1.0",
                "wp-cli/wp-cli": "~2.5.0",
                "yoast/phpunit-polyfills": "^2.0"
            },
            "type": "wordpress-plugin",
            "extra": {
                "scripts-description": {
                    "test": "Run unit tests",
                    "phpcs": "Analyze code against the WordPress coding standards with PHP_CodeSniffer",
                    "phpcbf": "Fix coding standards warnings/errors automatically with PHP Code Beautifier"
                }
            },
            "notification-url": "https://packagist.org/downloads/",
            "license": [
                "GPL-3.0-or-later"
            ],
            "description": "Action Scheduler for WordPress and WooCommerce",
            "homepage": "https://actionscheduler.org/",
            "support": {
                "issues": "https://github.com/woocommerce/action-scheduler/issues",
                "source": "https://github.com/woocommerce/action-scheduler/tree/3.9.3"
            },
            "time": "2025-07-15T09:32:30+00:00"
        },
        {
            "name": "wordpress/mcp-adapter",
            "version": "v0.6.1",
            "source": {
                "type": "git",
                "url": "https://github.com/WordPress/mcp-adapter",
                "reference": "23cb53e0b82f39238eec1c38cb055e28aa30fa7c"
            },
            "dist": {
                "type": "zip",
                "url": "https://api.github.com/repos/WordPress/mcp-adapter/zipball/23cb53e0b82f39238eec1c38cb055e28aa30fa7c",
                "reference": "23cb53e0b82f39238eec1c38cb055e28aa30fa7c",
                "shasum": ""
            },
            "require": {
                "automattic/jetpack-autoloader": "^5.0",
                "ext-json": "*",
                "php": "^7.4 || ^8.0",
                "wordpress/php-mcp-schema": "^0.1.0"
            },
            "require-dev": {
                "automattic/vipwpcs": "^3.1",
                "php-stubs/wordpress-stubs": "^6.9",
                "php-stubs/wp-cli-stubs": "^2.12",
                "phpcompatibility/phpcompatibility-wp": "^3.0.0-alpha",
                "phpstan/extension-installer": "^1.3",
                "phpstan/php-8-stubs": "^0.4.36",
                "phpstan/phpstan": "^2.2.6",
                "phpstan/phpstan-deprecation-rules": "^2.0.5",
                "phpunit/phpunit": "^9.6",
                "slevomat/coding-standard": "^8.0",
                "szepeviktor/phpstan-wordpress": "^2.0",
                "wp-phpunit/wp-phpunit": "^7.0",
                "yoast/phpunit-polyfills": "^4.0"
            },
            "type": "wordpress-plugin",
            "autoload": {
                "psr-4": {
                    "WP\\MCP\\": "includes/"
                },
                "exclude-from-classmap": [
                    "tests/phpunit/"
                ]
            },
            "notification-url": "https://packagist.org/downloads/",
            "license": [
                "GPL-2.0-or-later"
            ],
            "authors": [
                {
                    "name": "WordPress AI Team",
                    "homepage": "https://make.wordpress.org/ai/"
                }
            ],
            "description": "Adapter for Abilities API, letting WordPress abilities to be used as MCP tools, resources or prompts",
            "homepage": "https://github.com/wordpress/mcp-adapter",
            "keywords": [
                "abilities-api",
                "adapter",
                "ai",
                "api",
                "integration",
                "mcp",
                "model-context-protocol",
                "wordpress"
            ],
            "support": {
                "issues": "https://github.com/wordpress/mcp-adapter/issues",
                "source": "https://github.com/wordpress/mcp-adapter"
            },
            "time": "2026-08-13T05:16:13+00:00"
        },
        {
            "name": "wordpress/php-mcp-schema",
            "version": "v0.1.3",
            "source": {
                "type": "git",
                "url": "https://github.com/WordPress/php-mcp-schema",
                "reference": "b2fcf97aa023ce46e9f03493c194a72d5a46bea2"
            },
            "dist": {
                "type": "zip",
                "url": "https://api.github.com/repos/WordPress/php-mcp-schema/zipball/b2fcf97aa023ce46e9f03493c194a72d5a46bea2",
                "reference": "b2fcf97aa023ce46e9f03493c194a72d5a46bea2",
                "shasum": ""
            },
            "require": {
                "php": ">=7.4"
            },
            "require-dev": {
                "phpstan/phpstan": "^1.10"
            },
            "type": "library",
            "autoload": {
                "psr-4": {
                    "WP\\McpSchema\\": "src/"
                }
            },
            "notification-url": "https://packagist.org/downloads/",
            "license": [
                "GPL-2.0-or-later"
            ],
            "authors": [
                {
                    "name": "WordPress",
                    "homepage": "https://wordpress.org"
                }
            ],
            "description": "PHP DTOs for the Model Context Protocol (MCP) specification",
            "homepage": "https://github.com/WordPress/php-mcp-schema",
            "keywords": [
                "dto",
                "mcp",
                "model-context-protocol",
                "php",
                "schema"
            ],
            "time": "2026-08-10T09:12:14+00:00"
        }
    ],
    "packages-dev": [],
    "aliases": [],
    "minimum-stability": "stable",
    "stability-flags": {},
    "prefer-stable": false,
    "prefer-lowest": false,
    "platform": {
        "php": ">=7.4"
    },
    "platform-dev": {},
    "platform-overrides": {
        "php": "7.4.33"
    },
    "plugin-api-version": "2.9.0"
}
